// !$*UTF8*$!
{
	archiveVersion = 1;
	classes = {
	};
	objectVersion = 56;
	objects = {

/* Begin PBXBuildFile section */
		C1DDFF8F2A9907720027046B /* RecommendationView.swift in Sources */ = {isa = PBXBuildFile; fileRef = C1DDFF772A99076F0027046B /* RecommendationView.swift */; };
		C1DDFF902A9907720027046B /* ProfileView.swift in Sources */ = {isa = PBXBuildFile; fileRef = C1DDFF782A99076F0027046B /* ProfileView.swift */; };
		C1DDFF912A9907720027046B /* UserProfileView.swift in Sources */ = {isa = PBXBuildFile; fileRef = C1DDFF792A99076F0027046B /* UserProfileView.swift */; };
		C1DDFF922A9907720027046B /* AppDelegate.swift in Sources */ = {isa = PBXBuildFile; fileRef = C1DDFF7A2A99076F0027046B /* AppDelegate.swift */; };
		C1DDFF932A9907720027046B /* WorkoutChatView.swift in Sources */ = {isa = PBXBuildFile; fileRef = C1DDFF7B2A99076F0027046B /* WorkoutChatView.swift */; };
		C1DDFF962A9907720027046B /* HealthDataAccessView.swift in Sources */ = {isa = PBXBuildFile; fileRef = C1DDFF7F2A9907700027046B /* HealthDataAccessView.swift */; };
		C1DDFF972A9907720027046B /* RetrieveGData.swift in Sources */ = {isa = PBXBuildFile; fileRef = C1DDFF802A9907700027046B /* RetrieveGData.swift */; };
		C1DDFF9A2A9907720027046B /* ChatView.swift in Sources */ = {isa = PBXBuildFile; fileRef = C1DDFF842A9907700027046B /* ChatView.swift */; };
		C1DDFF9B2A9907720027046B /* MainTabView.swift in Sources */ = {isa = PBXBuildFile; fileRef = C1DDFF862A9907710027046B /* MainTabView.swift */; };
		C1DDFF9E2A9907720027046B /* Assets.xcassets in Resources */ = {isa = PBXBuildFile; fileRef = C1DDFF8A2A9907710027046B /* Assets.xcassets */; };
		C1DDFFA12A9907720027046B /* Contentview.swift in Sources */ = {isa = PBXBuildFile; fileRef = C1DDFF8D2A9907710027046B /* Contentview.swift */; };
		C1DDFFA22A9907720027046B /* AuthenticationView.swift in Sources */ = {isa = PBXBuildFile; fileRef = C1DDFF8E2A9907710027046B /* AuthenticationView.swift */; };
		C1DDFFA52A9907FE0027046B /* FirebaseAnalytics in Frameworks */ = {isa = PBXBuildFile; productRef = C1DDFFA42A9907FE0027046B /* FirebaseAnalytics */; };
		C1DDFFA72A9907FE0027046B /* FirebaseAnalyticsSwift in Frameworks */ = {isa = PBXBuildFile; productRef = C1DDFFA62A9907FE0027046B /* FirebaseAnalyticsSwift */; };
		C1DDFFA92A9907FE0027046B /* FirebaseAuth in Frameworks */ = {isa = PBXBuildFile; productRef = C1DDFFA82A9907FE0027046B /* FirebaseAuth */; };
		C1DDFFAB2A9907FE0027046B /* FirebaseCrashlytics in Frameworks */ = {isa = PBXBuildFile; productRef = C1DDFFAA2A9907FE0027046B /* FirebaseCrashlytics */; };
		C1DDFFAD2A9907FE0027046B /* FirebaseDatabase in Frameworks */ = {isa = PBXBuildFile; productRef = C1DDFFAC2A9907FE0027046B /* FirebaseDatabase */; };
		C1DDFFAF2A9907FE0027046B /* FirebaseDatabaseSwift in Frameworks */ = {isa = PBXBuildFile; productRef = C1DDFFAE2A9907FE0027046B /* FirebaseDatabaseSwift */; };
		C1DDFFB12A9907FE0027046B /* FirebaseFirestore in Frameworks */ = {isa = PBXBuildFile; productRef = C1DDFFB02A9907FE0027046B /* FirebaseFirestore */; };
		C1DDFFB32A9907FE0027046B /* FirebaseFirestoreSwift in Frameworks */ = {isa = PBXBuildFile; productRef = C1DDFFB22A9907FE0027046B /* FirebaseFirestoreSwift */; };
		C1DDFFB52A9907FE0027046B /* FirebaseInAppMessaging-Beta in Frameworks */ = {isa = PBXBuildFile; productRef = C1DDFFB42A9907FE0027046B /* FirebaseInAppMessaging-Beta */; };
		C1DDFFB72A9907FF0027046B /* FirebaseInAppMessagingSwift-Beta in Frameworks */ = {isa = PBXBuildFile; productRef = C1DDFFB62A9907FF0027046B /* FirebaseInAppMessagingSwift-Beta */; };
		C1DDFFB82A9909140027046B /* Tests_iOS.swift in Sources */ = {isa = PBXBuildFile; fileRef = C1DDFF822A9907700027046B /* Tests_iOS.swift */; };
		C1DDFFB92A9909140027046B /* Tests_iOSLaunchTests.swift in Sources */ = {isa = PBXBuildFile; fileRef = C1DDFF832A9907700027046B /* Tests_iOSLaunchTests.swift */; };
		C1DDFFBB2A990A8A0027046B /* GoogleService-Info.plist in Resources */ = {isa = PBXBuildFile; fileRef = C1DDFFBA2A990A8A0027046B /* GoogleService-Info.plist */; };
/* End PBXBuildFile section */

/* Begin PBXContainerItemProxy section */
		C1DDFF592A9907280027046B /* PBXContainerItemProxy */ = {
			isa = PBXContainerItemProxy;
			containerPortal = C1DDFF3F2A9907270027046B /* Project object */;
			proxyType = 1;
			remoteGlobalIDString = C1DDFF462A9907270027046B;
			remoteInfo = "Amica Health";
		};
		C1DDFF632A9907280027046B /* PBXContainerItemProxy */ = {
			isa = PBXContainerItemProxy;
			containerPortal = C1DDFF3F2A9907270027046B /* Project object */;
			proxyType = 1;
			remoteGlobalIDString = C1DDFF462A9907270027046B;
			remoteInfo = "Amica Health";
		};
/* End PBXContainerItemProxy section */

/* Begin PBXFileReference section */
		C1DDFF472A9907270027046B /* Amica Health.app */ = {isa = PBXFileReference; explicitFileType = wrapper.application; includeInIndex = 0; path = "Amica Health.app"; sourceTree = BUILT_PRODUCTS_DIR; };
		C1DDFF582A9907280027046B /* Amica HealthTests.xctest */ = {isa = PBXFileReference; explicitFileType = wrapper.cfbundle; includeInIndex = 0; path = "Amica HealthTests.xctest"; sourceTree = BUILT_PRODUCTS_DIR; };
		C1DDFF622A9907280027046B /* Amica HealthUITests.xctest */ = {isa = PBXFileReference; explicitFileType = wrapper.cfbundle; includeInIndex = 0; path = "Amica HealthUITests.xctest"; sourceTree = BUILT_PRODUCTS_DIR; };
		C1DDFF762A99076F0027046B /* macOS.entitlements */ = {isa = PBXFileReference; fileEncoding = 4; lastKnownFileType = text.plist.entitlements; path = macOS.entitlements; sourceTree = "<group>"; };
		C1DDFF772A99076F0027046B /* RecommendationView.swift */ = {isa = PBXFileReference; fileEncoding = 4; lastKnownFileType = sourcecode.swift; path = RecommendationView.swift; sourceTree = "<group>"; };
		C1DDFF782A99076F0027046B /* ProfileView.swift */ = {isa = PBXFileReference; fileEncoding = 4; lastKnownFileType = sourcecode.swift; path = ProfileView.swift; sourceTree = "<group>"; };
		C1DDFF792A99076F0027046B /* UserProfileView.swift */ = {isa = PBXFileReference; fileEncoding = 4; lastKnownFileType = sourcecode.swift; path = UserProfileView.swift; sourceTree = "<group>"; };
		C1DDFF7A2A99076F0027046B /* AppDelegate.swift */ = {isa = PBXFileReference; fileEncoding = 4; lastKnownFileType = sourcecode.swift; path = AppDelegate.swift; sourceTree = "<group>"; };
		C1DDFF7B2A99076F0027046B /* WorkoutChatView.swift */ = {isa = PBXFileReference; fileEncoding = 4; lastKnownFileType = sourcecode.swift; path = WorkoutChatView.swift; sourceTree = "<group>"; };
		C1DDFF7D2A9907700027046B /* Tests_macOS.swift */ = {isa = PBXFileReference; fileEncoding = 4; lastKnownFileType = sourcecode.swift; path = Tests_macOS.swift; sourceTree = "<group>"; };
		C1DDFF7E2A9907700027046B /* Tests_macOSLaunchTests.swift */ = {isa = PBXFileReference; fileEncoding = 4; lastKnownFileType = sourcecode.swift; path = Tests_macOSLaunchTests.swift; sourceTree = "<group>"; };
		C1DDFF7F2A9907700027046B /* HealthDataAccessView.swift */ = {isa = PBXFileReference; fileEncoding = 4; lastKnownFileType = sourcecode.swift; path = HealthDataAccessView.swift; sourceTree = "<group>"; };
		C1DDFF802A9907700027046B /* RetrieveGData.swift */ = {isa = PBXFileReference; fileEncoding = 4; lastKnownFileType = sourcecode.swift; path = RetrieveGData.swift; sourceTree = "<group>"; };
		C1DDFF822A9907700027046B /* Tests_iOS.swift */ = {isa = PBXFileReference; fileEncoding = 4; lastKnownFileType = sourcecode.swift; path = Tests_iOS.swift; sourceTree = "<group>"; };
		C1DDFF832A9907700027046B /* Tests_iOSLaunchTests.swift */ = {isa = PBXFileReference; fileEncoding = 4; lastKnownFileType = sourcecode.swift; path = Tests_iOSLaunchTests.swift; sourceTree = "<group>"; };
		C1DDFF842A9907700027046B /* ChatView.swift */ = {isa = PBXFileReference; fileEncoding = 4; lastKnownFileType = sourcecode.swift; path = ChatView.swift; sourceTree = "<group>"; };
		C1DDFF852A9907710027046B /* Tandem Health (iOS).entitlements */ = {isa = PBXFileReference; fileEncoding = 4; lastKnownFileType = text.plist.entitlements; path = "Tandem Health (iOS).entitlements"; sourceTree = "<group>"; };
		C1DDFF862A9907710027046B /* MainTabView.swift */ = {isa = PBXFileReference; fileEncoding = 4; lastKnownFileType = sourcecode.swift; path = MainTabView.swift; sourceTree = "<group>"; };
		C1DDFF882A9907710027046B /* WorkoutChatView.swift */ = {isa = PBXFileReference; fileEncoding = 4; lastKnownFileType = sourcecode.swift; path = WorkoutChatView.swift; sourceTree = "<group>"; };
		C1DDFF892A9907710027046B /* RetrieveGData.swift */ = {isa = PBXFileReference; fileEncoding = 4; lastKnownFileType = sourcecode.swift; path = RetrieveGData.swift; sourceTree = "<group>"; };
		C1DDFF8A2A9907710027046B /* Assets.xcassets */ = {isa = PBXFileReference; lastKnownFileType = folder.assetcatalog; path = Assets.xcassets; sourceTree = "<group>"; };
		C1DDFF8B2A9907710027046B /* AppDelegate.swift */ = {isa = PBXFileReference; fileEncoding = 4; lastKnownFileType = sourcecode.swift; path = AppDelegate.swift; sourceTree = "<group>"; };
		C1DDFF8C2A9907710027046B /* HealthDataAccessView.swift */ = {isa = PBXFileReference; fileEncoding = 4; lastKnownFileType = sourcecode.swift; path = HealthDataAccessView.swift; sourceTree = "<group>"; };
		C1DDFF8D2A9907710027046B /* Contentview.swift */ = {isa = PBXFileReference; fileEncoding = 4; lastKnownFileType = sourcecode.swift; path = Contentview.swift; sourceTree = "<group>"; };
		C1DDFF8E2A9907710027046B /* AuthenticationView.swift */ = {isa = PBXFileReference; fileEncoding = 4; lastKnownFileType = sourcecode.swift; path = AuthenticationView.swift; sourceTree = "<group>"; };
		C1DDFFBA2A990A8A0027046B /* GoogleService-Info.plist */ = {isa = PBXFileReference; lastKnownFileType = text.plist; path = "GoogleService-Info.plist"; sourceTree = SOURCE_ROOT; };
/* End PBXFileReference section */

/* Begin PBXFrameworksBuildPhase section */
		C1DDFF442A9907270027046B /* Frameworks */ = {
			isa = PBXFrameworksBuildPhase;
			buildActionMask = 2147483647;
			files = (
				C1DDFFAF2A9907FE0027046B /* FirebaseDatabaseSwift in Frameworks */,
				C1DDFFAD2A9907FE0027046B /* FirebaseDatabase in Frameworks */,
				C1DDFFB72A9907FF0027046B /* FirebaseInAppMessagingSwift-Beta in Frameworks */,
				C1DDFFB52A9907FE0027046B /* FirebaseInAppMessaging-Beta in Frameworks */,
				C1DDFFA72A9907FE0027046B /* FirebaseAnalyticsSwift in Frameworks */,
				C1DDFFAB2A9907FE0027046B /* FirebaseCrashlytics in Frameworks */,
				C1DDFFA92A9907FE0027046B /* FirebaseAuth in Frameworks */,
				C1DDFFA52A9907FE0027046B /* FirebaseAnalytics in Frameworks */,
				C1DDFFB12A9907FE0027046B /* FirebaseFirestore in Frameworks */,
				C1DDFFB32A9907FE0027046B /* FirebaseFirestoreSwift in Frameworks */,
			);
			runOnlyForDeploymentPostprocessing = 0;
		};
		C1DDFF552A9907280027046B /* Frameworks */ = {
			isa = PBXFrameworksBuildPhase;
			buildActionMask = 2147483647;
			files = (
			);
			runOnlyForDeploymentPostprocessing = 0;
		};
		C1DDFF5F2A9907280027046B /* Frameworks */ = {
			isa = PBXFrameworksBuildPhase;
			buildActionMask = 2147483647;
			files = (
			);
			runOnlyForDeploymentPostprocessing = 0;
		};
/* End PBXFrameworksBuildPhase section */

/* Begin PBXGroup section */
		C1DDFF3E2A9907270027046B = {
			isa = PBXGroup;
			children = (
				C1DDFF7A2A99076F0027046B /* AppDelegate.swift */,
				C1DDFF8E2A9907710027046B /* AuthenticationView.swift */,
				C1DDFF842A9907700027046B /* ChatView.swift */,
				C1DDFF7F2A9907700027046B /* HealthDataAccessView.swift */,
				C1DDFF752A99076F0027046B /* macOS */,
				C1DDFF862A9907710027046B /* MainTabView.swift */,
				C1DDFF782A99076F0027046B /* ProfileView.swift */,
				C1DDFF772A99076F0027046B /* RecommendationView.swift */,
				C1DDFF802A9907700027046B /* RetrieveGData.swift */,
				C1DDFF872A9907710027046B /* Tandem Health */,
				C1DDFF852A9907710027046B /* Tandem Health (iOS).entitlements */,
				C1DDFF812A9907700027046B /* Tests iOS */,
				C1DDFF7C2A9907700027046B /* Tests macOS */,
				C1DDFF792A99076F0027046B /* UserProfileView.swift */,
				C1DDFF7B2A99076F0027046B /* WorkoutChatView.swift */,
				C1DDFF482A9907270027046B /* Products */,
			);
			sourceTree = "<group>";
		};
		C1DDFF482A9907270027046B /* Products */ = {
			isa = PBXGroup;
			children = (
				C1DDFF472A9907270027046B /* Amica Health.app */,
				C1DDFF582A9907280027046B /* Amica HealthTests.xctest */,
				C1DDFF622A9907280027046B /* Amica HealthUITests.xctest */,
			);
			name = Products;
			sourceTree = "<group>";
		};
		C1DDFF752A99076F0027046B /* macOS */ = {
			isa = PBXGroup;
			children = (
				C1DDFF762A99076F0027046B /* macOS.entitlements */,
			);
			path = macOS;
			sourceTree = "<group>";
		};
		C1DDFF7C2A9907700027046B /* Tests macOS */ = {
			isa = PBXGroup;
			children = (
				C1DDFF7D2A9907700027046B /* Tests_macOS.swift */,
				C1DDFF7E2A9907700027046B /* Tests_macOSLaunchTests.swift */,
			);
			path = "Tests macOS";
			sourceTree = "<group>";
		};
		C1DDFF812A9907700027046B /* Tests iOS */ = {
			isa = PBXGroup;
			children = (
				C1DDFF822A9907700027046B /* Tests_iOS.swift */,
				C1DDFF832A9907700027046B /* Tests_iOSLaunchTests.swift */,
			);
			path = "Tests iOS";
			sourceTree = "<group>";
		};
		C1DDFF872A9907710027046B /* Tandem Health */ = {
			isa = PBXGroup;
			children = (
				C1DDFFBA2A990A8A0027046B /* GoogleService-Info.plist */,
				C1DDFF882A9907710027046B /* WorkoutChatView.swift */,
				C1DDFF892A9907710027046B /* RetrieveGData.swift */,
				C1DDFF8A2A9907710027046B /* Assets.xcassets */,
				C1DDFF8B2A9907710027046B /* AppDelegate.swift */,
				C1DDFF8C2A9907710027046B /* HealthDataAccessView.swift */,
				C1DDFF8D2A9907710027046B /* Contentview.swift */,
			);
			path = "Tandem Health";
			sourceTree = "<group>";
		};
/* End PBXGroup section */

/* Begin PBXNativeTarget section */
		C1DDFF462A9907270027046B /* Amica Health */ = {
			isa = PBXNativeTarget;
			buildConfigurationList = C1DDFF6C2A9907280027046B /* Build configuration list for PBXNativeTarget "Amica Health" */;
			buildPhases = (
				C1DDFF432A9907270027046B /* Sources */,
				C1DDFF442A9907270027046B /* Frameworks */,
				C1DDFF452A9907270027046B /* Resources */,
			);
			buildRules = (
			);
			dependencies = (
			);
			name = "Amica Health";
			packageProductDependencies = (
				C1DDFFA42A9907FE0027046B /* FirebaseAnalytics */,
				C1DDFFA62A9907FE0027046B /* FirebaseAnalyticsSwift */,
				C1DDFFA82A9907FE0027046B /* FirebaseAuth */,
				C1DDFFAA2A9907FE0027046B /* FirebaseCrashlytics */,
				C1DDFFAC2A9907FE0027046B /* FirebaseDatabase */,
				C1DDFFAE2A9907FE0027046B /* FirebaseDatabaseSwift */,
				C1DDFFB02A9907FE0027046B /* FirebaseFirestore */,
				C1DDFFB22A9907FE0027046B /* FirebaseFirestoreSwift */,
				C1DDFFB42A9907FE0027046B /* FirebaseInAppMessaging-Beta */,
				C1DDFFB62A9907FF0027046B /* FirebaseInAppMessagingSwift-Beta */,
			);
			productName = "Amica Health";
			productReference = C1DDFF472A9907270027046B /* Amica Health.app */;
			productType = "com.apple.product-type.application";
		};
		C1DDFF572A9907280027046B /* Amica HealthTests */ = {
			isa = PBXNativeTarget;
			buildConfigurationList = C1DDFF6F2A9907280027046B /* Build configuration list for PBXNativeTarget "Amica HealthTests" */;
			buildPhases = (
				C1DDFF542A9907280027046B /* Sources */,
				C1DDFF552A9907280027046B /* Frameworks */,
				C1DDFF562A9907280027046B /* Resources */,
			);
			buildRules = (
			);
			dependencies = (
				C1DDFF5A2A9907280027046B /* PBXTargetDependency */,
			);
			name = "Amica HealthTests";
			productName = "Amica HealthTests";
			productReference = C1DDFF582A9907280027046B /* Amica HealthTests.xctest */;
			productType = "com.apple.product-type.bundle.unit-test";
		};
		C1DDFF612A9907280027046B /* Amica HealthUITests */ = {
			isa = PBXNativeTarget;
			buildConfigurationList = C1DDFF722A9907280027046B /* Build configuration list for PBXNativeTarget "Amica HealthUITests" */;
			buildPhases = (
				C1DDFF5E2A9907280027046B /* Sources */,
				C1DDFF5F2A9907280027046B /* Frameworks */,
				C1DDFF602A9907280027046B /* Resources */,
			);
			buildRules = (
			);
			dependencies = (
				C1DDFF642A9907280027046B /* PBXTargetDependency */,
			);
			name = "Amica HealthUITests";
			productName = "Amica HealthUITests";
			productReference = C1DDFF622A9907280027046B /* Amica HealthUITests.xctest */;
			productType = "com.apple.product-type.bundle.ui-testing";
		};
/* End PBXNativeTarget section */

/* Begin PBXProject section */
		C1DDFF3F2A9907270027046B /* Project object */ = {
			isa = PBXProject;
			attributes = {
				BuildIndependentTargetsInParallel = 1;
				LastSwiftUpdateCheck = 1430;
				LastUpgradeCheck = 1430;
				TargetAttributes = {
					C1DDFF462A9907270027046B = {
						CreatedOnToolsVersion = 14.3.1;
						LastSwiftMigration = 1430;
					};
					C1DDFF572A9907280027046B = {
						CreatedOnToolsVersion = 14.3.1;
						TestTargetID = C1DDFF462A9907270027046B;
					};
					C1DDFF612A9907280027046B = {
						CreatedOnToolsVersion = 14.3.1;
						TestTargetID = C1DDFF462A9907270027046B;
					};
				};
			};
			buildConfigurationList = C1DDFF422A9907270027046B /* Build configuration list for PBXProject "Amica Health" */;
			compatibilityVersion = "Xcode 14.0";
			developmentRegion = en;
			hasScannedForEncodings = 0;
			knownRegions = (
				en,
				Base,
			);
			mainGroup = C1DDFF3E2A9907270027046B;
			packageReferences = (
				C1DDFFA32A9907FE0027046B /* XCRemoteSwiftPackageReference "firebase-ios-sdk" */,
			);
			productRefGroup = C1DDFF482A9907270027046B /* Products */;
			projectDirPath = "";
			projectRoot = "";
			targets = (
				C1DDFF462A9907270027046B /* Amica Health */,
				C1DDFF572A9907280027046B /* Amica HealthTests */,
				C1DDFF612A9907280027046B /* Amica HealthUITests */,
			);
		};
/* End PBXProject section */

/* Begin PBXResourcesBuildPhase section */
		C1DDFF452A9907270027046B /* Resources */ = {
			isa = PBXResourcesBuildPhase;
			buildActionMask = 2147483647;
			files = (
				C1DDFF9E2A9907720027046B /* Assets.xcassets in Resources */,
				C1DDFFBB2A990A8A0027046B /* GoogleService-Info.plist in Resources */,
			);
			runOnlyForDeploymentPostprocessing = 0;
		};
		C1DDFF562A9907280027046B /* Resources */ = {
			isa = PBXResourcesBuildPhase;
			buildActionMask = 2147483647;
			files = (
			);
			runOnlyForDeploymentPostprocessing = 0;
		};
		C1DDFF602A9907280027046B /* Resources */ = {
			isa = PBXResourcesBuildPhase;
			buildActionMask = 2147483647;
			files = (
			);
			runOnlyForDeploymentPostprocessing = 0;
		};
/* End PBXResourcesBuildPhase section */

/* Begin PBXSourcesBuildPhase section */
		C1DDFF432A9907270027046B /* Sources */ = {
			isa = PBXSourcesBuildPhase;
			buildActionMask = 2147483647;
			files = (
				C1DDFF922A9907720027046B /* AppDelegate.swift in Sources */,
				C1DDFF962A9907720027046B /* HealthDataAccessView.swift in Sources */,
				C1DDFF9A2A9907720027046B /* ChatView.swift in Sources */,
				C1DDFF972A9907720027046B /* RetrieveGData.swift in Sources */,
				C1DDFF932A9907720027046B /* WorkoutChatView.swift in Sources */,
				C1DDFFA12A9907720027046B /* Contentview.swift in Sources */,
				C1DDFF9B2A9907720027046B /* MainTabView.swift in Sources */,
				C1DDFFA22A9907720027046B /* AuthenticationView.swift in Sources */,
				C1DDFF902A9907720027046B /* ProfileView.swift in Sources */,
				C1DDFF912A9907720027046B /* UserProfileView.swift in Sources */,
				C1DDFF8F2A9907720027046B /* RecommendationView.swift in Sources */,
			);
			runOnlyForDeploymentPostprocessing = 0;
		};
		C1DDFF542A9907280027046B /* Sources */ = {
			isa = PBXSourcesBuildPhase;
			buildActionMask = 2147483647;
			files = (
				C1DDFFB92A9909140027046B /* Tests_iOSLaunchTests.swift in Sources */,
				C1DDFFB82A9909140027046B /* Tests_iOS.swift in Sources */,
			);
			runOnlyForDeploymentPostprocessing = 0;
		};
		C1DDFF5E2A9907280027046B /* Sources */ = {
			isa = PBXSourcesBuildPhase;
			buildActionMask = 2147483647;
			files = (
			);
			runOnlyForDeploymentPostprocessing = 0;
		};
/* End PBXSourcesBuildPhase section */

/* Begin PBXTargetDependency section */
		C1DDFF5A2A9907280027046B /* PBXTargetDependency */ = {
			isa = PBXTargetDependency;
			target = C1DDFF462A9907270027046B /* Amica Health */;
			targetProxy = C1DDFF592A9907280027046B /* PBXContainerItemProxy */;
		};
		C1DDFF642A9907280027046B /* PBXTargetDependency */ = {
			isa = PBXTargetDependency;
			target = C1DDFF462A9907270027046B /* Amica Health */;
			targetProxy = C1DDFF632A9907280027046B /* PBXContainerItemProxy */;
		};
/* End PBXTargetDependency section */

/* Begin XCBuildConfiguration section */
		C1DDFF6A2A9907280027046B /* Debug */ = {
			isa = XCBuildConfiguration;
			buildSettings = {
				ALWAYS_SEARCH_USER_PATHS = NO;
				CLANG_ANALYZER_NONNULL = YES;
				CLANG_ANALYZER_NUMBER_OBJECT_CONVERSION = YES_AGGRESSIVE;
				CLANG_CXX_LANGUAGE_STANDARD = "gnu++20";
				CLANG_ENABLE_MODULES = YES;
				CLANG_ENABLE_OBJC_ARC = YES;
				CLANG_ENABLE_OBJC_WEAK = YES;
				CLANG_WARN_BLOCK_CAPTURE_AUTORELEASING = YES;
				CLANG_WARN_BOOL_CONVERSION = YES;
				CLANG_WARN_COMMA = YES;
				CLANG_WARN_CONSTANT_CONVERSION = YES;
				CLANG_WARN_DEPRECATED_OBJC_IMPLEMENTATIONS = YES;
				CLANG_WARN_DIRECT_OBJC_ISA_USAGE = YES_ERROR;
				CLANG_WARN_DOCUMENTATION_COMMENTS = YES;
				CLANG_WARN_EMPTY_BODY = YES;
				CLANG_WARN_ENUM_CONVERSION = YES;
				CLANG_WARN_INFINITE_RECURSION = YES;
				CLANG_WARN_INT_CONVERSION = YES;
				CLANG_WARN_NON_LITERAL_NULL_CONVERSION = YES;
				CLANG_WARN_OBJC_IMPLICIT_RETAIN_SELF = YES;
				CLANG_WARN_OBJC_LITERAL_CONVERSION = YES;
				CLANG_WARN_OBJC_ROOT_CLASS = YES_ERROR;
				CLANG_WARN_QUOTED_INCLUDE_IN_FRAMEWORK_HEADER = YES;
				CLANG_WARN_RANGE_LOOP_ANALYSIS = YES;
				CLANG_WARN_STRICT_PROTOTYPES = YES;
				CLANG_WARN_SUSPICIOUS_MOVE = YES;
				CLANG_WARN_UNGUARDED_AVAILABILITY = YES_AGGRESSIVE;
				CLANG_WARN_UNREACHABLE_CODE = YES;
				CLANG_WARN__DUPLICATE_METHOD_MATCH = YES;
				COPY_PHASE_STRIP = NO;
				DEBUG_INFORMATION_FORMAT = dwarf;
				ENABLE_STRICT_OBJC_MSGSEND = YES;
				ENABLE_TESTABILITY = YES;
				GCC_C_LANGUAGE_STANDARD = gnu11;
				GCC_DYNAMIC_NO_PIC = NO;
				GCC_NO_COMMON_BLOCKS = YES;
				GCC_OPTIMIZATION_LEVEL = 0;
				GCC_PREPROCESSOR_DEFINITIONS = (
					"DEBUG=1",
					"$(inherited)",
				);
				GCC_WARN_64_TO_32_BIT_CONVERSION = YES;
				GCC_WARN_ABOUT_RETURN_TYPE = YES_ERROR;
				GCC_WARN_UNDECLARED_SELECTOR = YES;
				GCC_WARN_UNINITIALIZED_AUTOS = YES_AGGRESSIVE;
				GCC_WARN_UNUSED_FUNCTION = YES;
				GCC_WARN_UNUSED_VARIABLE = YES;
				MTL_ENABLE_DEBUG_INFO = INCLUDE_SOURCE;
				MTL_FAST_MATH = YES;
				ONLY_ACTIVE_ARCH = YES;
				SWIFT_ACTIVE_COMPILATION_CONDITIONS = DEBUG;
				SWIFT_OPTIMIZATION_LEVEL = "-Onone";
			};
			name = Debug;
		};
		C1DDFF6B2A9907280027046B /* Release */ = {
			isa = XCBuildConfiguration;
			buildSettings = {
				ALWAYS_SEARCH_USER_PATHS = NO;
				CLANG_ANALYZER_NONNULL = YES;
				CLANG_ANALYZER_NUMBER_OBJECT_CONVERSION = YES_AGGRESSIVE;
				CLANG_CXX_LANGUAGE_STANDARD = "gnu++20";
				CLANG_ENABLE_MODULES = YES;
				CLANG_ENABLE_OBJC_ARC = YES;
				CLANG_ENABLE_OBJC_WEAK = YES;
				CLANG_WARN_BLOCK_CAPTURE_AUTORELEASING = YES;
				CLANG_WARN_BOOL_CONVERSION = YES;
				CLANG_WARN_COMMA = YES;
				CLANG_WARN_CONSTANT_CONVERSION = YES;
				CLANG_WARN_DEPRECATED_OBJC_IMPLEMENTATIONS = YES;
				CLANG_WARN_DIRECT_OBJC_ISA_USAGE = YES_ERROR;
				CLANG_WARN_DOCUMENTATION_COMMENTS = YES;
				CLANG_WARN_EMPTY_BODY = YES;
				CLANG_WARN_ENUM_CONVERSION = YES;
				CLANG_WARN_INFINITE_RECURSION = YES;
				CLANG_WARN_INT_CONVERSION = YES;
				CLANG_WARN_NON_LITERAL_NULL_CONVERSION = YES;
				CLANG_WARN_OBJC_IMPLICIT_RETAIN_SELF = YES;
				CLANG_WARN_OBJC_LITERAL_CONVERSION = YES;
				CLANG_WARN_OBJC_ROOT_CLASS = YES_ERROR;
				CLANG_WARN_QUOTED_INCLUDE_IN_FRAMEWORK_HEADER = YES;
				CLANG_WARN_RANGE_LOOP_ANALYSIS = YES;
				CLANG_WARN_STRICT_PROTOTYPES = YES;
				CLANG_WARN_SUSPICIOUS_MOVE = YES;
				CLANG_WARN_UNGUARDED_AVAILABILITY = YES_AGGRESSIVE;
				CLANG_WARN_UNREACHABLE_CODE = YES;
				CLANG_WARN__DUPLICATE_METHOD_MATCH = YES;
				COPY_PHASE_STRIP = NO;
				DEBUG_INFORMATION_FORMAT = "dwarf-with-dsym";
				ENABLE_NS_ASSERTIONS = NO;
				ENABLE_STRICT_OBJC_MSGSEND = YES;
				GCC_C_LANGUAGE_STANDARD = gnu11;
				GCC_NO_COMMON_BLOCKS = YES;
				GCC_WARN_64_TO_32_BIT_CONVERSION = YES;
				GCC_WARN_ABOUT_RETURN_TYPE = YES_ERROR;
				GCC_WARN_UNDECLARED_SELECTOR = YES;
				GCC_WARN_UNINITIALIZED_AUTOS = YES_AGGRESSIVE;
				GCC_WARN_UNUSED_FUNCTION = YES;
				GCC_WARN_UNUSED_VARIABLE = YES;
				MTL_ENABLE_DEBUG_INFO = NO;
				MTL_FAST_MATH = YES;
				SWIFT_COMPILATION_MODE = wholemodule;
				SWIFT_OPTIMIZATION_LEVEL = "-O";
			};
			name = Release;
		};
		C1DDFF6D2A9907280027046B /* Debug */ = {
			isa = XCBuildConfiguration;
			buildSettings = {
				ASSETCATALOG_COMPILER_APPICON_NAME = AppIcon;
				ASSETCATALOG_COMPILER_GLOBAL_ACCENT_COLOR_NAME = AccentColor;
				CLANG_ENABLE_MODULES = YES;
				CODE_SIGN_ENTITLEMENTS = "Tandem Health (iOS).entitlements";
				CODE_SIGN_STYLE = Automatic;
				CURRENT_PROJECT_VERSION = 1;
				DEVELOPMENT_TEAM = 2BJXUQ9P4X;
				ENABLE_HARDENED_RUNTIME = YES;
				ENABLE_PREVIEWS = YES;
				GENERATE_INFOPLIST_FILE = YES;
				"INFOPLIST_KEY_UIApplicationSceneManifest_Generation[sdk=iphoneos*]" = YES;
				"INFOPLIST_KEY_UIApplicationSceneManifest_Generation[sdk=iphonesimulator*]" = YES;
				"INFOPLIST_KEY_UIApplicationSupportsIndirectInputEvents[sdk=iphoneos*]" = YES;
				"INFOPLIST_KEY_UIApplicationSupportsIndirectInputEvents[sdk=iphonesimulator*]" = YES;
				"INFOPLIST_KEY_UILaunchScreen_Generation[sdk=iphoneos*]" = YES;
				"INFOPLIST_KEY_UILaunchScreen_Generation[sdk=iphonesimulator*]" = YES;
				"INFOPLIST_KEY_UIStatusBarStyle[sdk=iphoneos*]" = UIStatusBarStyleDefault;
				"INFOPLIST_KEY_UIStatusBarStyle[sdk=iphonesimulator*]" = UIStatusBarStyleDefault;
				INFOPLIST_KEY_UISupportedInterfaceOrientations_iPad = "UIInterfaceOrientationPortrait UIInterfaceOrientationPortraitUpsideDown UIInterfaceOrientationLandscapeLeft UIInterfaceOrientationLandscapeRight";
				INFOPLIST_KEY_UISupportedInterfaceOrientations_iPhone = "UIInterfaceOrientationPortrait UIInterfaceOrientationLandscapeLeft UIInterfaceOrientationLandscapeRight";
				IPHONEOS_DEPLOYMENT_TARGET = 16.4;
				LD_RUNPATH_SEARCH_PATHS = "@executable_path/Frameworks";
				"LD_RUNPATH_SEARCH_PATHS[sdk=macosx*]" = "@executable_path/../Frameworks";
				MACOSX_DEPLOYMENT_TARGET = 13.3;
				MARKETING_VERSION = 1.0;
				PRODUCT_BUNDLE_IDENTIFIER = "Tandemhealth.Amica-Health";
				PRODUCT_NAME = "$(TARGET_NAME)";
				SDKROOT = auto;
				SUPPORTED_PLATFORMS = "iphoneos iphonesimulator macosx";
				SWIFT_EMIT_LOC_STRINGS = YES;
				SWIFT_OPTIMIZATION_LEVEL = "-Onone";
				SWIFT_VERSION = 5.0;
				TARGETED_DEVICE_FAMILY = "1,2";
			};
			name = Debug;
		};
		C1DDFF6E2A9907280027046B /* Release */ = {
			isa = XCBuildConfiguration;
			buildSettings = {
				ASSETCATALOG_COMPILER_APPICON_NAME = AppIcon;
				ASSETCATALOG_COMPILER_GLOBAL_ACCENT_COLOR_NAME = AccentColor;
				CLANG_ENABLE_MODULES = YES;
				CODE_SIGN_ENTITLEMENTS = "Tandem Health (iOS).entitlements";
				CODE_SIGN_STYLE = Automatic;
				CURRENT_PROJECT_VERSION = 1;
				DEVELOPMENT_TEAM = 2BJXUQ9P4X;
				ENABLE_HARDENED_RUNTIME = YES;
				ENABLE_PREVIEWS = YES;
				GENERATE_INFOPLIST_FILE = YES;
				"INFOPLIST_KEY_UIApplicationSceneManifest_Generation[sdk=iphoneos*]" = YES;
				"INFOPLIST_KEY_UIApplicationSceneManifest_Generation[sdk=iphonesimulator*]" = YES;
				"INFOPLIST_KEY_UIApplicationSupportsIndirectInputEvents[sdk=iphoneos*]" = YES;
				"INFOPLIST_KEY_UIApplicationSupportsIndirectInputEvents[sdk=iphonesimulator*]" = YES;
				"INFOPLIST_KEY_UILaunchScreen_Generation[sdk=iphoneos*]" = YES;
				"INFOPLIST_KEY_UILaunchScreen_Generation[sdk=iphonesimulator*]" = YES;
				"INFOPLIST_KEY_UIStatusBarStyle[sdk=iphoneos*]" = UIStatusBarStyleDefault;
				"INFOPLIST_KEY_UIStatusBarStyle[sdk=iphonesimulator*]" = UIStatusBarStyleDefault;
				INFOPLIST_KEY_UISupportedInterfaceOrientations_iPad = "UIInterfaceOrientationPortrait UIInterfaceOrientationPortraitUpsideDown UIInterfaceOrientationLandscapeLeft UIInterfaceOrientationLandscapeRight";
				INFOPLIST_KEY_UISupportedInterfaceOrientations_iPhone = "UIInterfaceOrientationPortrait UIInterfaceOrientationLandscapeLeft UIInterfaceOrientationLandscapeRight";
				IPHONEOS_DEPLOYMENT_TARGET = 16.4;
				LD_RUNPATH_SEARCH_PATHS = "@executable_path/Frameworks";
				"LD_RUNPATH_SEARCH_PATHS[sdk=macosx*]" = "@executable_path/../Frameworks";
				MACOSX_DEPLOYMENT_TARGET = 13.3;
				MARKETING_VERSION = 1.0;
				PRODUCT_BUNDLE_IDENTIFIER = "Tandemhealth.Amica-Health";
				PRODUCT_NAME = "$(TARGET_NAME)";
				SDKROOT = auto;
				SUPPORTED_PLATFORMS = "iphoneos iphonesimulator macosx";
				SWIFT_EMIT_LOC_STRINGS = YES;
				SWIFT_VERSION = 5.0;
				TARGETED_DEVICE_FAMILY = "1,2";
			};
			name = Release;
		};
		C1DDFF702A9907280027046B /* Debug */ = {
			isa = XCBuildConfiguration;
			buildSettings = {
				ALWAYS_EMBED_SWIFT_STANDARD_LIBRARIES = YES;
				BUNDLE_LOADER = "$(TEST_HOST)";
				CODE_SIGN_STYLE = Automatic;
				CURRENT_PROJECT_VERSION = 1;
				DEVELOPMENT_TEAM = 2BJXUQ9P4X;
				GENERATE_INFOPLIST_FILE = YES;
				IPHONEOS_DEPLOYMENT_TARGET = 16.4;
				MACOSX_DEPLOYMENT_TARGET = 13.3;
				MARKETING_VERSION = 1.0;
				PRODUCT_BUNDLE_IDENTIFIER = "Tandemhealth.Amica-HealthTests";
				PRODUCT_NAME = "$(TARGET_NAME)";
				SDKROOT = auto;
				SUPPORTED_PLATFORMS = "iphoneos iphonesimulator macosx";
				SWIFT_EMIT_LOC_STRINGS = NO;
				SWIFT_VERSION = 5.0;
				TARGETED_DEVICE_FAMILY = "1,2";
				TEST_HOST = "$(BUILT_PRODUCTS_DIR)/Amica Health.app/$(BUNDLE_EXECUTABLE_FOLDER_PATH)/Amica Health";
			};
			name = Debug;
		};
		C1DDFF712A9907280027046B /* Release */ = {
			isa = XCBuildConfiguration;
			buildSettings = {
				ALWAYS_EMBED_SWIFT_STANDARD_LIBRARIES = YES;
				BUNDLE_LOADER = "$(TEST_HOST)";
				CODE_SIGN_STYLE = Automatic;
				CURRENT_PROJECT_VERSION = 1;
				DEVELOPMENT_TEAM = 2BJXUQ9P4X;
				GENERATE_INFOPLIST_FILE = YES;
				IPHONEOS_DEPLOYMENT_TARGET = 16.4;
				MACOSX_DEPLOYMENT_TARGET = 13.3;
				MARKETING_VERSION = 1.0;
				PRODUCT_BUNDLE_IDENTIFIER = "Tandemhealth.Amica-HealthTests";
				PRODUCT_NAME = "$(TARGET_NAME)";
				SDKROOT = auto;
				SUPPORTED_PLATFORMS = "iphoneos iphonesimulator macosx";
				SWIFT_EMIT_LOC_STRINGS = NO;
				SWIFT_VERSION = 5.0;
				TARGETED_DEVICE_FAMILY = "1,2";
				TEST_HOST = "$(BUILT_PRODUCTS_DIR)/Amica Health.app/$(BUNDLE_EXECUTABLE_FOLDER_PATH)/Amica Health";
			};
			name = Release;
		};
		C1DDFF732A9907280027046B /* Debug */ = {
			isa = XCBuildConfiguration;
			buildSettings = {
				ALWAYS_EMBED_SWIFT_STANDARD_LIBRARIES = YES;
				CODE_SIGN_STYLE = Automatic;
				CURRENT_PROJECT_VERSION = 1;
				DEVELOPMENT_TEAM = 2BJXUQ9P4X;
				GENERATE_INFOPLIST_FILE = YES;
				IPHONEOS_DEPLOYMENT_TARGET = 16.4;
				MACOSX_DEPLOYMENT_TARGET = 13.3;
				MARKETING_VERSION = 1.0;
				PRODUCT_BUNDLE_IDENTIFIER = "Tandemhealth.Amica-HealthUITests";
				PRODUCT_NAME = "$(TARGET_NAME)";
				SDKROOT = auto;
				SUPPORTED_PLATFORMS = "iphoneos iphonesimulator macosx";
				SWIFT_EMIT_LOC_STRINGS = NO;
				SWIFT_VERSION = 5.0;
				TARGETED_DEVICE_FAMILY = "1,2";
				TEST_TARGET_NAME = "Amica Health";
			};
			name = Debug;
		};
		C1DDFF742A9907280027046B /* Release */ = {
			isa = XCBuildConfiguration;
			buildSettings = {
				ALWAYS_EMBED_SWIFT_STANDARD_LIBRARIES = YES;
				CODE_SIGN_STYLE = Automatic;
				CURRENT_PROJECT_VERSION = 1;
				DEVELOPMENT_TEAM = 2BJXUQ9P4X;
				GENERATE_INFOPLIST_FILE = YES;
				IPHONEOS_DEPLOYMENT_TARGET = 16.4;
				MACOSX_DEPLOYMENT_TARGET = 13.3;
				MARKETING_VERSION = 1.0;
				PRODUCT_BUNDLE_IDENTIFIER = "Tandemhealth.Amica-HealthUITests";
				PRODUCT_NAME = "$(TARGET_NAME)";
				SDKROOT = auto;
				SUPPORTED_PLATFORMS = "iphoneos iphonesimulator macosx";
				SWIFT_EMIT_LOC_STRINGS = NO;
				SWIFT_VERSION = 5.0;
				TARGETED_DEVICE_FAMILY = "1,2";
				TEST_TARGET_NAME = "Amica Health";
			};
			name = Release;
		};
/* End XCBuildConfiguration section */

/* Begin XCConfigurationList section */
		C1DDFF422A9907270027046B /* Build configuration list for PBXProject "Amica Health" */ = {
			isa = XCConfigurationList;
			buildConfigurations = (
				C1DDFF6A2A9907280027046B /* Debug */,
				C1DDFF6B2A9907280027046B /* Release */,
			);
			defaultConfigurationIsVisible = 0;
			defaultConfigurationName = Release;
		};
		C1DDFF6C2A9907280027046B /* Build configuration list for PBXNativeTarget "Amica Health" */ = {
			isa = XCConfigurationList;
			buildConfigurations = (
				C1DDFF6D2A9907280027046B /* Debug */,
				C1DDFF6E2A9907280027046B /* Release */,
			);
			defaultConfigurationIsVisible = 0;
			defaultConfigurationName = Release;
		};
		C1DDFF6F2A9907280027046B /* Build configuration list for PBXNativeTarget "Amica HealthTests" */ = {
			isa = XCConfigurationList;
			buildConfigurations = (
				C1DDFF702A9907280027046B /* Debug */,
				C1DDFF712A9907280027046B /* Release */,
			);
			defaultConfigurationIsVisible = 0;
			defaultConfigurationName = Release;
		};
		C1DDFF722A9907280027046B /* Build configuration list for PBXNativeTarget "Amica HealthUITests" */ = {
			isa = XCConfigurationList;
			buildConfigurations = (
				C1DDFF732A9907280027046B /* Debug */,
				C1DDFF742A9907280027046B /* Release */,
			);
			defaultConfigurationIsVisible = 0;
			defaultConfigurationName = Release;
		};
/* End XCConfigurationList section */

/* Begin XCRemoteSwiftPackageReference section */
		C1DDFFA32A9907FE0027046B /* XCRemoteSwiftPackageReference "firebase-ios-sdk" */ = {
			isa = XCRemoteSwiftPackageReference;
			repositoryURL = "https://github.com/firebase/firebase-ios-sdk";
			requirement = {
				kind = upToNextMajorVersion;
				minimumVersion = 10.0.0;
			};
		};
/* End XCRemoteSwiftPackageReference section */

/* Begin XCSwiftPackageProductDependency section */
		C1DDFFA42A9907FE0027046B /* FirebaseAnalytics */ = {
			isa = XCSwiftPackageProductDependency;
			package = C1DDFFA32A9907FE0027046B /* XCRemoteSwiftPackageReference "firebase-ios-sdk" */;
			productName = FirebaseAnalytics;
		};
		C1DDFFA62A9907FE0027046B /* FirebaseAnalyticsSwift */ = {
			isa = XCSwiftPackageProductDependency;
			package = C1DDFFA32A9907FE0027046B /* XCRemoteSwiftPackageReference "firebase-ios-sdk" */;
			productName = FirebaseAnalyticsSwift;
		};
		C1DDFFA82A9907FE0027046B /* FirebaseAuth */ = {
			isa = XCSwiftPackageProductDependency;
			package = C1DDFFA32A9907FE0027046B /* XCRemoteSwiftPackageReference "firebase-ios-sdk" */;
			productName = FirebaseAuth;
		};
		C1DDFFAA2A9907FE0027046B /* FirebaseCrashlytics */ = {
			isa = XCSwiftPackageProductDependency;
			package = C1DDFFA32A9907FE0027046B /* XCRemoteSwiftPackageReference "firebase-ios-sdk" */;
			productName = FirebaseCrashlytics;
		};
		C1DDFFAC2A9907FE0027046B /* FirebaseDatabase */ = {
			isa = XCSwiftPackageProductDependency;
			package = C1DDFFA32A9907FE0027046B /* XCRemoteSwiftPackageReference "firebase-ios-sdk" */;
			productName = FirebaseDatabase;
		};
		C1DDFFAE2A9907FE0027046B /* FirebaseDatabaseSwift */ = {
			isa = XCSwiftPackageProductDependency;
			package = C1DDFFA32A9907FE0027046B /* XCRemoteSwiftPackageReference "firebase-ios-sdk" */;
			productName = FirebaseDatabaseSwift;
		};
		C1DDFFB02A9907FE0027046B /* FirebaseFirestore */ = {
			isa = XCSwiftPackageProductDependency;
			package = C1DDFFA32A9907FE0027046B /* XCRemoteSwiftPackageReference "firebase-ios-sdk" */;
			productName = FirebaseFirestore;
		};
		C1DDFFB22A9907FE0027046B /* FirebaseFirestoreSwift */ = {
			isa = XCSwiftPackageProductDependency;
			package = C1DDFFA32A9907FE0027046B /* XCRemoteSwiftPackageReference "firebase-ios-sdk" */;
			productName = FirebaseFirestoreSwift;
		};
		C1DDFFB42A9907FE0027046B /* FirebaseInAppMessaging-Beta */ = {
			isa = XCSwiftPackageProductDependency;
			package = C1DDFFA32A9907FE0027046B /* XCRemoteSwiftPackageReference "firebase-ios-sdk" */;
			productName = "FirebaseInAppMessaging-Beta";
		};
		C1DDFFB62A9907FF0027046B /* FirebaseInAppMessagingSwift-Beta */ = {
			isa = XCSwiftPackageProductDependency;
			package = C1DDFFA32A9907FE0027046B /* XCRemoteSwiftPackageReference "firebase-ios-sdk" */;
			productName = "FirebaseInAppMessagingSwift-Beta";
		};
/* End XCSwiftPackageProductDependency section */
	};
	rootObject = C1DDFF3F2A9907270027046B /* Project object */;
}
