// !$*UTF8*$!
{
	archiveVersion = 1;
	classes = {
	};
	objectVersion = 55;
	objects = {

/* Begin PBXBuildFile section */
		C101D4272A7C3212005CD5F1 /* Tests_iOS.swift in Sources */ = {isa = PBXBuildFile; fileRef = C101D4262A7C3212005CD5F1 /* Tests_iOS.swift */; };
		C101D4292A7C3212005CD5F1 /* Tests_iOSLaunchTests.swift in Sources */ = {isa = PBXBuildFile; fileRef = C101D4282A7C3212005CD5F1 /* Tests_iOSLaunchTests.swift */; };
		C101D4332A7C3212005CD5F1 /* Tests_macOS.swift in Sources */ = {isa = PBXBuildFile; fileRef = C101D4322A7C3212005CD5F1 /* Tests_macOS.swift */; };
		C101D4352A7C3212005CD5F1 /* Tests_macOSLaunchTests.swift in Sources */ = {isa = PBXBuildFile; fileRef = C101D4342A7C3212005CD5F1 /* Tests_macOSLaunchTests.swift */; };
		C101D4362A7C3212005CD5F1 /* ProtoApp.swift in Sources */ = {isa = PBXBuildFile; fileRef = C101D40E2A7C320E005CD5F1 /* ProtoApp.swift */; };
		C101D4372A7C3212005CD5F1 /* ProtoApp.swift in Sources */ = {isa = PBXBuildFile; fileRef = C101D40E2A7C320E005CD5F1 /* ProtoApp.swift */; };
		C101D4382A7C3212005CD5F1 /* ContentView.swift in Sources */ = {isa = PBXBuildFile; fileRef = C101D40F2A7C320E005CD5F1 /* ContentView.swift */; };
		C101D4392A7C3212005CD5F1 /* ContentView.swift in Sources */ = {isa = PBXBuildFile; fileRef = C101D40F2A7C320E005CD5F1 /* ContentView.swift */; };
		C101D43A2A7C3212005CD5F1 /* Assets.xcassets in Resources */ = {isa = PBXBuildFile; fileRef = C101D4102A7C3212005CD5F1 /* Assets.xcassets */; };
		C101D43B2A7C3212005CD5F1 /* Assets.xcassets in Resources */ = {isa = PBXBuildFile; fileRef = C101D4102A7C3212005CD5F1 /* Assets.xcassets */; };
/* End PBXBuildFile section */

/* Begin PBXContainerItemProxy section */
		C101D4232A7C3212005CD5F1 /* PBXContainerItemProxy */ = {
			isa = PBXContainerItemProxy;
			containerPortal = C101D4092A7C320E005CD5F1 /* Project object */;
			proxyType = 1;
			remoteGlobalIDString = C101D4142A7C3212005CD5F1;
			remoteInfo = "Proto (iOS)";
		};
		C101D42F2A7C3212005CD5F1 /* PBXContainerItemProxy */ = {
			isa = PBXContainerItemProxy;
			containerPortal = C101D4092A7C320E005CD5F1 /* Project object */;
			proxyType = 1;
			remoteGlobalIDString = C101D41A2A7C3212005CD5F1;
			remoteInfo = "Proto (macOS)";
		};
/* End PBXContainerItemProxy section */

/* Begin PBXFileReference section */
		C101D40E2A7C320E005CD5F1 /* ProtoApp.swift */ = {isa = PBXFileReference; lastKnownFileType = sourcecode.swift; path = ProtoApp.swift; sourceTree = "<group>"; };
		C101D40F2A7C320E005CD5F1 /* ContentView.swift */ = {isa = PBXFileReference; lastKnownFileType = sourcecode.swift; path = ContentView.swift; sourceTree = "<group>"; };
		C101D4102A7C3212005CD5F1 /* Assets.xcassets */ = {isa = PBXFileReference; lastKnownFileType = folder.assetcatalog; path = Assets.xcassets; sourceTree = "<group>"; };
		C101D4152A7C3212005CD5F1 /* Proto.app */ = {isa = PBXFileReference; explicitFileType = wrapper.application; includeInIndex = 0; path = Proto.app; sourceTree = BUILT_PRODUCTS_DIR; };
		C101D41B2A7C3212005CD5F1 /* Proto.app */ = {isa = PBXFileReference; explicitFileType = wrapper.application; includeInIndex = 0; path = Proto.app; sourceTree = BUILT_PRODUCTS_DIR; };
		C101D41D2A7C3212005CD5F1 /* macOS.entitlements */ = {isa = PBXFileReference; lastKnownFileType = text.plist.entitlements; path = macOS.entitlements; sourceTree = "<group>"; };
		C101D4222A7C3212005CD5F1 /* Tests iOS.xctest */ = {isa = PBXFileReference; explicitFileType = wrapper.cfbundle; includeInIndex = 0; path = "Tests iOS.xctest"; sourceTree = BUILT_PRODUCTS_DIR; };
		C101D4262A7C3212005CD5F1 /* Tests_iOS.swift */ = {isa = PBXFileReference; lastKnownFileType = sourcecode.swift; path = Tests_iOS.swift; sourceTree = "<group>"; };
		C101D4282A7C3212005CD5F1 /* Tests_iOSLaunchTests.swift */ = {isa = PBXFileReference; lastKnownFileType = sourcecode.swift; path = Tests_iOSLaunchTests.swift; sourceTree = "<group>"; };
		C101D42E2A7C3212005CD5F1 /* Tests macOS.xctest */ = {isa = PBXFileReference; explicitFileType = wrapper.cfbundle; includeInIndex = 0; path = "Tests macOS.xctest"; sourceTree = BUILT_PRODUCTS_DIR; };
		C101D4322A7C3212005CD5F1 /* Tests_macOS.swift */ = {isa = PBXFileReference; lastKnownFileType = sourcecode.swift; path = Tests_macOS.swift; sourceTree = "<group>"; };
		C101D4342A7C3212005CD5F1 /* Tests_macOSLaunchTests.swift */ = {isa = PBXFileReference; lastKnownFileType = sourcecode.swift; path = Tests_macOSLaunchTests.swift; sourceTree = "<group>"; };
/* End PBXFileReference section */

/* Begin PBXFrameworksBuildPhase section */
		C101D4122A7C3212005CD5F1 /* Frameworks */ = {
			isa = PBXFrameworksBuildPhase;
			buildActionMask = 2147483647;
			files = (
			);
			runOnlyForDeploymentPostprocessing = 0;
		};
		C101D4182A7C3212005CD5F1 /* Frameworks */ = {
			isa = PBXFrameworksBuildPhase;
			buildActionMask = 2147483647;
			files = (
			);
			runOnlyForDeploymentPostprocessing = 0;
		};
		C101D41F2A7C3212005CD5F1 /* Frameworks */ = {
			isa = PBXFrameworksBuildPhase;
			buildActionMask = 2147483647;
			files = (
			);
			runOnlyForDeploymentPostprocessing = 0;
		};
		C101D42B2A7C3212005CD5F1 /* Frameworks */ = {
			isa = PBXFrameworksBuildPhase;
			buildActionMask = 2147483647;
			files = (
			);
			runOnlyForDeploymentPostprocessing = 0;
		};
/* End PBXFrameworksBuildPhase section */

/* Begin PBXGroup section */
		C101D4082A7C320E005CD5F1 = {
			isa = PBXGroup;
			children = (
				C101D40D2A7C320E005CD5F1 /* Shared */,
				C101D41C2A7C3212005CD5F1 /* macOS */,
				C101D4252A7C3212005CD5F1 /* Tests iOS */,
				C101D4312A7C3212005CD5F1 /* Tests macOS */,
				C101D4162A7C3212005CD5F1 /* Products */,
			);
			sourceTree = "<group>";
		};
		C101D40D2A7C320E005CD5F1 /* Shared */ = {
			isa = PBXGroup;
			children = (
				C101D40E2A7C320E005CD5F1 /* ProtoApp.swift */,
				C101D40F2A7C320E005CD5F1 /* ContentView.swift */,
				C101D4102A7C3212005CD5F1 /* Assets.xcassets */,
			);
			path = Shared;
			sourceTree = "<group>";
		};
		C101D4162A7C3212005CD5F1 /* Products */ = {
			isa = PBXGroup;
			children = (
				C101D4152A7C3212005CD5F1 /* Proto.app */,
				C101D41B2A7C3212005CD5F1 /* Proto.app */,
				C101D4222A7C3212005CD5F1 /* Tests iOS.xctest */,
				C101D42E2A7C3212005CD5F1 /* Tests macOS.xctest */,
			);
			name = Products;
			sourceTree = "<group>";
		};
		C101D41C2A7C3212005CD5F1 /* macOS */ = {
			isa = PBXGroup;
			children = (
				C101D41D2A7C3212005CD5F1 /* macOS.entitlements */,
			);
			path = macOS;
			sourceTree = "<group>";
		};
		C101D4252A7C3212005CD5F1 /* Tests iOS */ = {
			isa = PBXGroup;
			children = (
				C101D4262A7C3212005CD5F1 /* Tests_iOS.swift */,
				C101D4282A7C3212005CD5F1 /* Tests_iOSLaunchTests.swift */,
			);
			path = "Tests iOS";
			sourceTree = "<group>";
		};
		C101D4312A7C3212005CD5F1 /* Tests macOS */ = {
			isa = PBXGroup;
			children = (
				C101D4322A7C3212005CD5F1 /* Tests_macOS.swift */,
				C101D4342A7C3212005CD5F1 /* Tests_macOSLaunchTests.swift */,
			);
			path = "Tests macOS";
			sourceTree = "<group>";
		};
/* End PBXGroup section */

/* Begin PBXNativeTarget section */
		C101D4142A7C3212005CD5F1 /* Proto (iOS) */ = {
			isa = PBXNativeTarget;
			buildConfigurationList = C101D43E2A7C3212005CD5F1 /* Build configuration list for PBXNativeTarget "Proto (iOS)" */;
			buildPhases = (
				C101D4112A7C3212005CD5F1 /* Sources */,
				C101D4122A7C3212005CD5F1 /* Frameworks */,
				C101D4132A7C3212005CD5F1 /* Resources */,
			);
			buildRules = (
			);
			dependencies = (
			);
			name = "Proto (iOS)";
			productName = "Proto (iOS)";
			productReference = C101D4152A7C3212005CD5F1 /* Proto.app */;
			productType = "com.apple.product-type.application";
		};
		C101D41A2A7C3212005CD5F1 /* Proto (macOS) */ = {
			isa = PBXNativeTarget;
			buildConfigurationList = C101D4412A7C3212005CD5F1 /* Build configuration list for PBXNativeTarget "Proto (macOS)" */;
			buildPhases = (
				C101D4172A7C3212005CD5F1 /* Sources */,
				C101D4182A7C3212005CD5F1 /* Frameworks */,
				C101D4192A7C3212005CD5F1 /* Resources */,
			);
			buildRules = (
			);
			dependencies = (
			);
			name = "Proto (macOS)";
			productName = "Proto (macOS)";
			productReference = C101D41B2A7C3212005CD5F1 /* Proto.app */;
			productType = "com.apple.product-type.application";
		};
		C101D4212A7C3212005CD5F1 /* Tests iOS */ = {
			isa = PBXNativeTarget;
			buildConfigurationList = C101D4442A7C3212005CD5F1 /* Build configuration list for PBXNativeTarget "Tests iOS" */;
			buildPhases = (
				C101D41E2A7C3212005CD5F1 /* Sources */,
				C101D41F2A7C3212005CD5F1 /* Frameworks */,
				C101D4202A7C3212005CD5F1 /* Resources */,
			);
			buildRules = (
			);
			dependencies = (
				C101D4242A7C3212005CD5F1 /* PBXTargetDependency */,
			);
			name = "Tests iOS";
			productName = "Tests iOS";
			productReference = C101D4222A7C3212005CD5F1 /* Tests iOS.xctest */;
			productType = "com.apple.product-type.bundle.ui-testing";
		};
		C101D42D2A7C3212005CD5F1 /* Tests macOS */ = {
			isa = PBXNativeTarget;
			buildConfigurationList = C101D4472A7C3212005CD5F1 /* Build configuration list for PBXNativeTarget "Tests macOS" */;
			buildPhases = (
				C101D42A2A7C3212005CD5F1 /* Sources */,
				C101D42B2A7C3212005CD5F1 /* Frameworks */,
				C101D42C2A7C3212005CD5F1 /* Resources */,
			);
			buildRules = (
			);
			dependencies = (
				C101D4302A7C3212005CD5F1 /* PBXTargetDependency */,
			);
			name = "Tests macOS";
			productName = "Tests macOS";
			productReference = C101D42E2A7C3212005CD5F1 /* Tests macOS.xctest */;
			productType = "com.apple.product-type.bundle.ui-testing";
		};
/* End PBXNativeTarget section */

/* Begin PBXProject section */
		C101D4092A7C320E005CD5F1 /* Project object */ = {
			isa = PBXProject;
			attributes = {
				BuildIndependentTargetsInParallel = 1;
				LastSwiftUpdateCheck = 1340;
				LastUpgradeCheck = 1340;
				TargetAttributes = {
					C101D4142A7C3212005CD5F1 = {
						CreatedOnToolsVersion = 13.4.1;
					};
					C101D41A2A7C3212005CD5F1 = {
						CreatedOnToolsVersion = 13.4.1;
					};
					C101D4212A7C3212005CD5F1 = {
						CreatedOnToolsVersion = 13.4.1;
						TestTargetID = C101D4142A7C3212005CD5F1;
					};
					C101D42D2A7C3212005CD5F1 = {
						CreatedOnToolsVersion = 13.4.1;
						TestTargetID = C101D41A2A7C3212005CD5F1;
					};
				};
			};
			buildConfigurationList = C101D40C2A7C320E005CD5F1 /* Build configuration list for PBXProject "Proto" */;
			compatibilityVersion = "Xcode 13.0";
			developmentRegion = en;
			hasScannedForEncodings = 0;
			knownRegions = (
				en,
				Base,
			);
			mainGroup = C101D4082A7C320E005CD5F1;
			productRefGroup = C101D4162A7C3212005CD5F1 /* Products */;
			projectDirPath = "";
			projectRoot = "";
			targets = (
				C101D4142A7C3212005CD5F1 /* Proto (iOS) */,
				C101D41A2A7C3212005CD5F1 /* Proto (macOS) */,
				C101D4212A7C3212005CD5F1 /* Tests iOS */,
				C101D42D2A7C3212005CD5F1 /* Tests macOS */,
			);
		};
/* End PBXProject section */

/* Begin PBXResourcesBuildPhase section */
		C101D4132A7C3212005CD5F1 /* Resources */ = {
			isa = PBXResourcesBuildPhase;
			buildActionMask = 2147483647;
			files = (
				C101D43A2A7C3212005CD5F1 /* Assets.xcassets in Resources */,
			);
			runOnlyForDeploymentPostprocessing = 0;
		};
		C101D4192A7C3212005CD5F1 /* Resources */ = {
			isa = PBXResourcesBuildPhase;
			buildActionMask = 2147483647;
			files = (
				C101D43B2A7C3212005CD5F1 /* Assets.xcassets in Resources */,
			);
			runOnlyForDeploymentPostprocessing = 0;
		};
		C101D4202A7C3212005CD5F1 /* Resources */ = {
			isa = PBXResourcesBuildPhase;
			buildActionMask = 2147483647;
			files = (
			);
			runOnlyForDeploymentPostprocessing = 0;
		};
		C101D42C2A7C3212005CD5F1 /* Resources */ = {
			isa = PBXResourcesBuildPhase;
			buildActionMask = 2147483647;
			files = (
			);
			runOnlyForDeploymentPostprocessing = 0;
		};
/* End PBXResourcesBuildPhase section */

/* Begin PBXSourcesBuildPhase section */
		C101D4112A7C3212005CD5F1 /* Sources */ = {
			isa = PBXSourcesBuildPhase;
			buildActionMask = 2147483647;
			files = (
				C101D4382A7C3212005CD5F1 /* ContentView.swift in Sources */,
				C101D4362A7C3212005CD5F1 /* ProtoApp.swift in Sources */,
			);
			runOnlyForDeploymentPostprocessing = 0;
		};
		C101D4172A7C3212005CD5F1 /* Sources */ = {
			isa = PBXSourcesBuildPhase;
			buildActionMask = 2147483647;
			files = (
				C101D4392A7C3212005CD5F1 /* ContentView.swift in Sources */,
				C101D4372A7C3212005CD5F1 /* ProtoApp.swift in Sources */,
			);
			runOnlyForDeploymentPostprocessing = 0;
		};
		C101D41E2A7C3212005CD5F1 /* Sources */ = {
			isa = PBXSourcesBuildPhase;
			buildActionMask = 2147483647;
			files = (
				C101D4292A7C3212005CD5F1 /* Tests_iOSLaunchTests.swift in Sources */,
				C101D4272A7C3212005CD5F1 /* Tests_iOS.swift in Sources */,
			);
			runOnlyForDeploymentPostprocessing = 0;
		};
		C101D42A2A7C3212005CD5F1 /* Sources */ = {
			isa = PBXSourcesBuildPhase;
			buildActionMask = 2147483647;
			files = (
				C101D4352A7C3212005CD5F1 /* Tests_macOSLaunchTests.swift in Sources */,
				C101D4332A7C3212005CD5F1 /* Tests_macOS.swift in Sources */,
			);
			runOnlyForDeploymentPostprocessing = 0;
		};
/* End PBXSourcesBuildPhase section */

/* Begin PBXTargetDependency section */
		C101D4242A7C3212005CD5F1 /* PBXTargetDependency */ = {
			isa = PBXTargetDependency;
			target = C101D4142A7C3212005CD5F1 /* Proto (iOS) */;
			targetProxy = C101D4232A7C3212005CD5F1 /* PBXContainerItemProxy */;
		};
		C101D4302A7C3212005CD5F1 /* PBXTargetDependency */ = {
			isa = PBXTargetDependency;
			target = C101D41A2A7C3212005CD5F1 /* Proto (macOS) */;
			targetProxy = C101D42F2A7C3212005CD5F1 /* PBXContainerItemProxy */;
		};
/* End PBXTargetDependency section */

/* Begin XCBuildConfiguration section */
		C101D43C2A7C3212005CD5F1 /* Debug */ = {
			isa = XCBuildConfiguration;
			buildSettings = {
				ALWAYS_SEARCH_USER_PATHS = NO;
				CLANG_ANALYZER_NONNULL = YES;
				CLANG_ANALYZER_NUMBER_OBJECT_CONVERSION = YES_AGGRESSIVE;
				CLANG_CXX_LANGUAGE_STANDARD = "gnu++17";
				CLANG_ENABLE_MODULES = YES;
				CLANG_ENABLE_OBJC_ARC = YES;
				CLANG_ENABLE_OBJC_WEAK = YES;
				CLANG_WARN_BLOCK_CAPTURE_AUTORELEASING = YES;
				CLANG_WARN_BOOL_CONVERSION = YES;
				CLANG_WARN_COMMA = YES;
				CLANG_WARN_CONSTANT_CONVERSION = YES;
				CLANG_WARN_DEPRECATED_OBJC_IMPLEMENTATIONS = YES;
				CLANG_WARN_DIRECT_OBJC_ISA_USAGE = YES_ERROR;
				CLANG_WARN_DOCUMENTATION_COMMENTS = YES;
				CLANG_WARN_EMPTY_BODY = YES;
				CLANG_WARN_ENUM_CONVERSION = YES;
				CLANG_WARN_INFINITE_RECURSION = YES;
				CLANG_WARN_INT_CONVERSION = YES;
				CLANG_WARN_NON_LITERAL_NULL_CONVERSION = YES;
				CLANG_WARN_OBJC_IMPLICIT_RETAIN_SELF = YES;
				CLANG_WARN_OBJC_LITERAL_CONVERSION = YES;
				CLANG_WARN_OBJC_ROOT_CLASS = YES_ERROR;
				CLANG_WARN_QUOTED_INCLUDE_IN_FRAMEWORK_HEADER = YES;
				CLANG_WARN_RANGE_LOOP_ANALYSIS = YES;
				CLANG_WARN_STRICT_PROTOTYPES = YES;
				CLANG_WARN_SUSPICIOUS_MOVE = YES;
				CLANG_WARN_UNGUARDED_AVAILABILITY = YES_AGGRESSIVE;
				CLANG_WARN_UNREACHABLE_CODE = YES;
				CLANG_WARN__DUPLICATE_METHOD_MATCH = YES;
				COPY_PHASE_STRIP = NO;
				DEBUG_INFORMATION_FORMAT = dwarf;
				ENABLE_STRICT_OBJC_MSGSEND = YES;
				ENABLE_TESTABILITY = YES;
				GCC_C_LANGUAGE_STANDARD = gnu11;
				GCC_DYNAMIC_NO_PIC = NO;
				GCC_NO_COMMON_BLOCKS = YES;
				GCC_OPTIMIZATION_LEVEL = 0;
				GCC_PREPROCESSOR_DEFINITIONS = (
					"DEBUG=1",
					"$(inherited)",
				);
				GCC_WARN_64_TO_32_BIT_CONVERSION = YES;
				GCC_WARN_ABOUT_RETURN_TYPE = YES_ERROR;
				GCC_WARN_UNDECLARED_SELECTOR = YES;
				GCC_WARN_UNINITIALIZED_AUTOS = YES_AGGRESSIVE;
				GCC_WARN_UNUSED_FUNCTION = YES;
				GCC_WARN_UNUSED_VARIABLE = YES;
				MTL_ENABLE_DEBUG_INFO = INCLUDE_SOURCE;
				MTL_FAST_MATH = YES;
				ONLY_ACTIVE_ARCH = YES;
				SWIFT_ACTIVE_COMPILATION_CONDITIONS = DEBUG;
				SWIFT_OPTIMIZATION_LEVEL = "-Onone";
			};
			name = Debug;
		};
		C101D43D2A7C3212005CD5F1 /* Release */ = {
			isa = XCBuildConfiguration;
			buildSettings = {
				ALWAYS_SEARCH_USER_PATHS = NO;
				CLANG_ANALYZER_NONNULL = YES;
				CLANG_ANALYZER_NUMBER_OBJECT_CONVERSION = YES_AGGRESSIVE;
				CLANG_CXX_LANGUAGE_STANDARD = "gnu++17";
				CLANG_ENABLE_MODULES = YES;
				CLANG_ENABLE_OBJC_ARC = YES;
				CLANG_ENABLE_OBJC_WEAK = YES;
				CLANG_WARN_BLOCK_CAPTURE_AUTORELEASING = YES;
				CLANG_WARN_BOOL_CONVERSION = YES;
				CLANG_WARN_COMMA = YES;
				CLANG_WARN_CONSTANT_CONVERSION = YES;
				CLANG_WARN_DEPRECATED_OBJC_IMPLEMENTATIONS = YES;
				CLANG_WARN_DIRECT_OBJC_ISA_USAGE = YES_ERROR;
				CLANG_WARN_DOCUMENTATION_COMMENTS = YES;
				CLANG_WARN_EMPTY_BODY = YES;
				CLANG_WARN_ENUM_CONVERSION = YES;
				CLANG_WARN_INFINITE_RECURSION = YES;
				CLANG_WARN_INT_CONVERSION = YES;
				CLANG_WARN_NON_LITERAL_NULL_CONVERSION = YES;
				CLANG_WARN_OBJC_IMPLICIT_RETAIN_SELF = YES;
				CLANG_WARN_OBJC_LITERAL_CONVERSION = YES;
				CLANG_WARN_OBJC_ROOT_CLASS = YES_ERROR;
				CLANG_WARN_QUOTED_INCLUDE_IN_FRAMEWORK_HEADER = YES;
				CLANG_WARN_RANGE_LOOP_ANALYSIS = YES;
				CLANG_WARN_STRICT_PROTOTYPES = YES;
				CLANG_WARN_SUSPICIOUS_MOVE = YES;
				CLANG_WARN_UNGUARDED_AVAILABILITY = YES_AGGRESSIVE;
				CLANG_WARN_UNREACHABLE_CODE = YES;
				CLANG_WARN__DUPLICATE_METHOD_MATCH = YES;
				COPY_PHASE_STRIP = NO;
				DEBUG_INFORMATION_FORMAT = "dwarf-with-dsym";
				ENABLE_NS_ASSERTIONS = NO;
				ENABLE_STRICT_OBJC_MSGSEND = YES;
				GCC_C_LANGUAGE_STANDARD = gnu11;
				GCC_NO_COMMON_BLOCKS = YES;
				GCC_WARN_64_TO_32_BIT_CONVERSION = YES;
				GCC_WARN_ABOUT_RETURN_TYPE = YES_ERROR;
				GCC_WARN_UNDECLARED_SELECTOR = YES;
				GCC_WARN_UNINITIALIZED_AUTOS = YES_AGGRESSIVE;
				GCC_WARN_UNUSED_FUNCTION = YES;
				GCC_WARN_UNUSED_VARIABLE = YES;
				MTL_ENABLE_DEBUG_INFO = NO;
				MTL_FAST_MATH = YES;
				SWIFT_COMPILATION_MODE = wholemodule;
				SWIFT_OPTIMIZATION_LEVEL = "-O";
			};
			name = Release;
		};
		C101D43F2A7C3212005CD5F1 /* Debug */ = {
			isa = XCBuildConfiguration;
			buildSettings = {
				ASSETCATALOG_COMPILER_APPICON_NAME = AppIcon;
				ASSETCATALOG_COMPILER_GLOBAL_ACCENT_COLOR_NAME = AccentColor;
				CODE_SIGN_STYLE = Automatic;
				CURRENT_PROJECT_VERSION = 1;
				ENABLE_PREVIEWS = YES;
				GENERATE_INFOPLIST_FILE = YES;
				INFOPLIST_KEY_UIApplicationSceneManifest_Generation = YES;
				INFOPLIST_KEY_UIApplicationSupportsIndirectInputEvents = YES;
				INFOPLIST_KEY_UILaunchScreen_Generation = YES;
				INFOPLIST_KEY_UISupportedInterfaceOrientations_iPad = "UIInterfaceOrientationPortrait UIInterfaceOrientationPortraitUpsideDown UIInterfaceOrientationLandscapeLeft UIInterfaceOrientationLandscapeRight";
				INFOPLIST_KEY_UISupportedInterfaceOrientations_iPhone = "UIInterfaceOrientationPortrait UIInterfaceOrientationLandscapeLeft UIInterfaceOrientationLandscapeRight";
				IPHONEOS_DEPLOYMENT_TARGET = 15.5;
				LD_RUNPATH_SEARCH_PATHS = (
					"$(inherited)",
					"@executable_path/Frameworks",
				);
				MARKETING_VERSION = 1.0;
				PRODUCT_BUNDLE_IDENTIFIER = Tandemhealth.Proto;
				PRODUCT_NAME = Proto;
				SDKROOT = iphoneos;
				SWIFT_EMIT_LOC_STRINGS = YES;
				SWIFT_VERSION = 5.0;
				TARGETED_DEVICE_FAMILY = "1,2";
			};
			name = Debug;
		};
		C101D4402A7C3212005CD5F1 /* Release */ = {
			isa = XCBuildConfiguration;
			buildSettings = {
				ASSETCATALOG_COMPILER_APPICON_NAME = AppIcon;
				ASSETCATALOG_COMPILER_GLOBAL_ACCENT_COLOR_NAME = AccentColor;
				CODE_SIGN_STYLE = Automatic;
				CURRENT_PROJECT_VERSION = 1;
				ENABLE_PREVIEWS = YES;
				GENERATE_INFOPLIST_FILE = YES;
				INFOPLIST_KEY_UIApplicationSceneManifest_Generation = YES;
				INFOPLIST_KEY_UIApplicationSupportsIndirectInputEvents = YES;
				INFOPLIST_KEY_UILaunchScreen_Generation = YES;
				INFOPLIST_KEY_UISupportedInterfaceOrientations_iPad = "UIInterfaceOrientationPortrait UIInterfaceOrientationPortraitUpsideDown UIInterfaceOrientationLandscapeLeft UIInterfaceOrientationLandscapeRight";
				INFOPLIST_KEY_UISupportedInterfaceOrientations_iPhone = "UIInterfaceOrientationPortrait UIInterfaceOrientationLandscapeLeft UIInterfaceOrientationLandscapeRight";
				IPHONEOS_DEPLOYMENT_TARGET = 15.5;
				LD_RUNPATH_SEARCH_PATHS = (
					"$(inherited)",
					"@executable_path/Frameworks",
				);
				MARKETING_VERSION = 1.0;
				PRODUCT_BUNDLE_IDENTIFIER = Tandemhealth.Proto;
				PRODUCT_NAME = Proto;
				SDKROOT = iphoneos;
				SWIFT_EMIT_LOC_STRINGS = YES;
				SWIFT_VERSION = 5.0;
				TARGETED_DEVICE_FAMILY = "1,2";
				VALIDATE_PRODUCT = YES;
			};
			name = Release;
		};
		C101D4422A7C3212005CD5F1 /* Debug */ = {
			isa = XCBuildConfiguration;
			buildSettings = {
				ASSETCATALOG_COMPILER_APPICON_NAME = AppIcon;
				ASSETCATALOG_COMPILER_GLOBAL_ACCENT_COLOR_NAME = AccentColor;
				CODE_SIGN_ENTITLEMENTS = macOS/macOS.entitlements;
				CODE_SIGN_STYLE = Automatic;
				COMBINE_HIDPI_IMAGES = YES;
				CURRENT_PROJECT_VERSION = 1;
				ENABLE_PREVIEWS = YES;
				GENERATE_INFOPLIST_FILE = YES;
				INFOPLIST_KEY_NSHumanReadableCopyright = "";
				LD_RUNPATH_SEARCH_PATHS = (
					"$(inherited)",
					"@executable_path/../Frameworks",
				);
				MACOSX_DEPLOYMENT_TARGET = 12.1;
				MARKETING_VERSION = 1.0;
				PRODUCT_BUNDLE_IDENTIFIER = Tandemhealth.Proto;
				PRODUCT_NAME = Proto;
				SDKROOT = macosx;
				SWIFT_EMIT_LOC_STRINGS = YES;
				SWIFT_VERSION = 5.0;
			};
			name = Debug;
		};
		C101D4432A7C3212005CD5F1 /* Release */ = {
			isa = XCBuildConfiguration;
			buildSettings = {
				ASSETCATALOG_COMPILER_APPICON_NAME = AppIcon;
				ASSETCATALOG_COMPILER_GLOBAL_ACCENT_COLOR_NAME = AccentColor;
				CODE_SIGN_ENTITLEMENTS = macOS/macOS.entitlements;
				CODE_SIGN_STYLE = Automatic;
				COMBINE_HIDPI_IMAGES = YES;
				CURRENT_PROJECT_VERSION = 1;
				ENABLE_PREVIEWS = YES;
				GENERATE_INFOPLIST_FILE = YES;
				INFOPLIST_KEY_NSHumanReadableCopyright = "";
				LD_RUNPATH_SEARCH_PATHS = (
					"$(inherited)",
					"@executable_path/../Frameworks",
				);
				MACOSX_DEPLOYMENT_TARGET = 12.1;
				MARKETING_VERSION = 1.0;
				PRODUCT_BUNDLE_IDENTIFIER = Tandemhealth.Proto;
				PRODUCT_NAME = Proto;
				SDKROOT = macosx;
				SWIFT_EMIT_LOC_STRINGS = YES;
				SWIFT_VERSION = 5.0;
			};
			name = Release;
		};
		C101D4452A7C3212005CD5F1 /* Debug */ = {
			isa = XCBuildConfiguration;
			buildSettings = {
				ALWAYS_EMBED_SWIFT_STANDARD_LIBRARIES = YES;
				CODE_SIGN_STYLE = Automatic;
				CURRENT_PROJECT_VERSION = 1;
				GENERATE_INFOPLIST_FILE = YES;
				IPHONEOS_DEPLOYMENT_TARGET = 15.5;
				MARKETING_VERSION = 1.0;
				PRODUCT_BUNDLE_IDENTIFIER = "Tandemhealth.Tests-iOS";
				PRODUCT_NAME = "$(TARGET_NAME)";
				SDKROOT = iphoneos;
				SWIFT_EMIT_LOC_STRINGS = NO;
				SWIFT_VERSION = 5.0;
				TARGETED_DEVICE_FAMILY = "1,2";
				TEST_TARGET_NAME = "Proto (iOS)";
			};
			name = Debug;
		};
		C101D4462A7C3212005CD5F1 /* Release */ = {
			isa = XCBuildConfiguration;
			buildSettings = {
				ALWAYS_EMBED_SWIFT_STANDARD_LIBRARIES = YES;
				CODE_SIGN_STYLE = Automatic;
				CURRENT_PROJECT_VERSION = 1;
				GENERATE_INFOPLIST_FILE = YES;
				IPHONEOS_DEPLOYMENT_TARGET = 15.5;
				MARKETING_VERSION = 1.0;
				PRODUCT_BUNDLE_IDENTIFIER = "Tandemhealth.Tests-iOS";
				PRODUCT_NAME = "$(TARGET_NAME)";
				SDKROOT = iphoneos;
				SWIFT_EMIT_LOC_STRINGS = NO;
				SWIFT_VERSION = 5.0;
				TARGETED_DEVICE_FAMILY = "1,2";
				TEST_TARGET_NAME = "Proto (iOS)";
				VALIDATE_PRODUCT = YES;
			};
			name = Release;
		};
		C101D4482A7C3212005CD5F1 /* Debug */ = {
			isa = XCBuildConfiguration;
			buildSettings = {
				ALWAYS_EMBED_SWIFT_STANDARD_LIBRARIES = YES;
				CODE_SIGN_STYLE = Automatic;
				CURRENT_PROJECT_VERSION = 1;
				GENERATE_INFOPLIST_FILE = YES;
				MACOSX_DEPLOYMENT_TARGET = 12.1;
				MARKETING_VERSION = 1.0;
				PRODUCT_BUNDLE_IDENTIFIER = "Tandemhealth.Tests-macOS";
				PRODUCT_NAME = "$(TARGET_NAME)";
				SDKROOT = macosx;
				SWIFT_EMIT_LOC_STRINGS = NO;
				SWIFT_VERSION = 5.0;
				TEST_TARGET_NAME = "Proto (macOS)";
			};
			name = Debug;
		};
		C101D4492A7C3212005CD5F1 /* Release */ = {
			isa = XCBuildConfiguration;
			buildSettings = {
				ALWAYS_EMBED_SWIFT_STANDARD_LIBRARIES = YES;
				CODE_SIGN_STYLE = Automatic;
				CURRENT_PROJECT_VERSION = 1;
				GENERATE_INFOPLIST_FILE = YES;
				MACOSX_DEPLOYMENT_TARGET = 12.1;
				MARKETING_VERSION = 1.0;
				PRODUCT_BUNDLE_IDENTIFIER = "Tandemhealth.Tests-macOS";
				PRODUCT_NAME = "$(TARGET_NAME)";
				SDKROOT = macosx;
				SWIFT_EMIT_LOC_STRINGS = NO;
				SWIFT_VERSION = 5.0;
				TEST_TARGET_NAME = "Proto (macOS)";
			};
			name = Release;
		};
/* End XCBuildConfiguration section */

/* Begin XCConfigurationList section */
		C101D40C2A7C320E005CD5F1 /* Build configuration list for PBXProject "Proto" */ = {
			isa = XCConfigurationList;
			buildConfigurations = (
				C101D43C2A7C3212005CD5F1 /* Debug */,
				C101D43D2A7C3212005CD5F1 /* Release */,
			);
			defaultConfigurationIsVisible = 0;
			defaultConfigurationName = Release;
		};
		C101D43E2A7C3212005CD5F1 /* Build configuration list for PBXNativeTarget "Proto (iOS)" */ = {
			isa = XCConfigurationList;
			buildConfigurations = (
				C101D43F2A7C3212005CD5F1 /* Debug */,
				C101D4402A7C3212005CD5F1 /* Release */,
			);
			defaultConfigurationIsVisible = 0;
			defaultConfigurationName = Release;
		};
		C101D4412A7C3212005CD5F1 /* Build configuration list for PBXNativeTarget "Proto (macOS)" */ = {
			isa = XCConfigurationList;
			buildConfigurations = (
				C101D4422A7C3212005CD5F1 /* Debug */,
				C101D4432A7C3212005CD5F1 /* Release */,
			);
			defaultConfigurationIsVisible = 0;
			defaultConfigurationName = Release;
		};
		C101D4442A7C3212005CD5F1 /* Build configuration list for PBXNativeTarget "Tests iOS" */ = {
			isa = XCConfigurationList;
			buildConfigurations = (
				C101D4452A7C3212005CD5F1 /* Debug */,
				C101D4462A7C3212005CD5F1 /* Release */,
			);
			defaultConfigurationIsVisible = 0;
			defaultConfigurationName = Release;
		};
		C101D4472A7C3212005CD5F1 /* Build configuration list for PBXNativeTarget "Tests macOS" */ = {
			isa = XCConfigurationList;
			buildConfigurations = (
				C101D4482A7C3212005CD5F1 /* Debug */,
				C101D4492A7C3212005CD5F1 /* Release */,
			);
			defaultConfigurationIsVisible = 0;
			defaultConfigurationName = Release;
		};
/* End XCConfigurationList section */
	};
	rootObject = C101D4092A7C320E005CD5F1 /* Project object */;
}
